{
  "name": "neumatter",
  "version": "1.1.5",
  "lockfileVersion": 2,
  "requires": true,
  "packages": {
    "": {
      "name": "neumatter",
      "version": "1.1.5",
      "license": "MIT",
      "dependencies": {
        "@neumatter/is": "^1.1.1",
        "@neumatter/record": "^1.0.9",
        "byteview": "^1.0.12",
        "chroma-palette": "^1.2.2",
        "code-batch": "^1.0.0",
        "neupack": "^1.1.0",
        "node-fetch": "^3.2.6",
        "parse-multipart-data": "^1.5.0"
      },
      "devDependencies": {
        "@types/node": "^17.0.23"
      },
      "engines": {
        "node": ">= 16"
      }
    },
    "node_modules/@neumatter/is": {
      "version": "1.1.1",
      "resolved": "https://registry.npmjs.org/@neumatter/is/-/is-1.1.1.tgz",
      "integrity": "sha512-Y1Hfknnoiy1hsYc9WhNrFWz8Y/Eyp3X7kyNoVVa/Gk3GzQN19+RgZNxBXpMBqPbR5dJ4r43ZKasAYykprLFWvA=="
    },
    "node_modules/@neumatter/record": {
      "version": "1.0.9",
      "resolved": "https://registry.npmjs.org/@neumatter/record/-/record-1.0.9.tgz",
      "integrity": "sha512-yZ/rgApgs6uPVoO0uFicDbsLySJlOfbrdgcd+vDsx4H0JZ7LscCEyzRzuwl3q5qqLpXOr2tKXgmlWNi2dTG0Cw==",
      "dependencies": {
        "@neumatter/is": "^1.0.2",
        "neupack": "^1.0.3"
      }
    },
    "node_modules/@neumatter/to-camel-case": {
      "version": "1.0.1",
      "resolved": "https://registry.npmjs.org/@neumatter/to-camel-case/-/to-camel-case-1.0.1.tgz",
      "integrity": "sha512-pgnfPY0kVOjU5etxB8wk3bVmRt7LDq8GSh2uOTPux1msRI1qhkuCucZk+pHkhktYyVe5wcEOZs0RebVluhOOQw==",
      "dependencies": {
        "@neumatter/is": "^1.0.0"
      }
    },
    "node_modules/@types/node": {
      "version": "17.0.23",
      "resolved": "https://registry.npmjs.org/@types/node/-/node-17.0.23.tgz",
      "integrity": "sha512-UxDxWn7dl97rKVeVS61vErvw086aCYhDLyvRQZ5Rk65rZKepaFdm53GeqXaKBuOhED4e9uWq34IC3TdSdJJ2Gw==",
      "dev": true
    },
    "node_modules/byteview": {
      "version": "1.0.12",
      "resolved": "https://registry.npmjs.org/byteview/-/byteview-1.0.12.tgz",
      "integrity": "sha512-pOxOp/hcYrHA9oRAiwXc7MJNYGm6Rv+QuARKA3a0/YsQq1eFjYc3JuXs0pOF/93OOVDhwuMuDoiHvVS75nQagw=="
    },
    "node_modules/chroma-palette": {
      "version": "1.2.2",
      "resolved": "https://registry.npmjs.org/chroma-palette/-/chroma-palette-1.2.2.tgz",
      "integrity": "sha512-Ca53tmyyMQtEy4Q7ottVqpxZakz+NCpDyLhd2CdSVG4aBVuqdoS28JymSev+UgtrZKxQt4SKPWiKBf4hU+pk5g=="
    },
    "node_modules/code-batch": {
      "version": "1.0.0",
      "resolved": "https://registry.npmjs.org/code-batch/-/code-batch-1.0.0.tgz",
      "integrity": "sha512-3piYzssNYF5X6fZ8RmhrxkONO1OmhOCfVFZxg8UZDbOr1BY8GGLDQ21QtaeuTFqu6fN2TpGemXxNwE7WgApiHg==",
      "dependencies": {
        "@neumatter/is": "^1.0.2"
      }
    },
    "node_modules/data-uri-to-buffer": {
      "version": "4.0.0",
      "resolved": "https://registry.npmjs.org/data-uri-to-buffer/-/data-uri-to-buffer-4.0.0.tgz",
      "integrity": "sha512-Vr3mLBA8qWmcuschSLAOogKgQ/Jwxulv3RNE4FXnYWRGujzrRWQI4m12fQqRkwX06C0KanhLr4hK+GydchZsaA==",
      "engines": {
        "node": ">= 12"
      }
    },
    "node_modules/fetch-blob": {
      "version": "3.1.5",
      "resolved": "https://registry.npmjs.org/fetch-blob/-/fetch-blob-3.1.5.tgz",
      "integrity": "sha512-N64ZpKqoLejlrwkIAnb9iLSA3Vx/kjgzpcDhygcqJ2KKjky8nCgUQ+dzXtbrLaWZGZNmNfQTsiQ0weZ1svglHg==",
      "funding": [
        {
          "type": "github",
          "url": "https://github.com/sponsors/jimmywarting"
        },
        {
          "type": "paypal",
          "url": "https://paypal.me/jimmywarting"
        }
      ],
      "dependencies": {
        "node-domexception": "^1.0.0",
        "web-streams-polyfill": "^3.0.3"
      },
      "engines": {
        "node": "^12.20 || >= 14.13"
      }
    },
    "node_modules/formdata-polyfill": {
      "version": "4.0.10",
      "resolved": "https://registry.npmjs.org/formdata-polyfill/-/formdata-polyfill-4.0.10.tgz",
      "integrity": "sha512-buewHzMvYL29jdeQTVILecSaZKnt/RJWjoZCF5OW60Z67/GmSLBkOFM7qh1PI3zFNtJbaZL5eQu1vLfazOwj4g==",
      "dependencies": {
        "fetch-blob": "^3.1.2"
      },
      "engines": {
        "node": ">=12.20.0"
      }
    },
    "node_modules/neupack": {
      "version": "1.1.0",
      "resolved": "https://registry.npmjs.org/neupack/-/neupack-1.1.0.tgz",
      "integrity": "sha512-N2e6C0ImwKJ2h+DJFO8VSi0IhS1XRS1ge79Lx6G5u7ZUAVxTKUZsgxIcyfOCShzCAmNWw8FOIXTeASq3EIcAwA==",
      "dependencies": {
        "@neumatter/is": "^1.0.2",
        "@neumatter/to-camel-case": "^1.0.1"
      }
    },
    "node_modules/node-domexception": {
      "version": "1.0.0",
      "resolved": "https://registry.npmjs.org/node-domexception/-/node-domexception-1.0.0.tgz",
      "integrity": "sha512-/jKZoMpw0F8GRwl4/eLROPA3cfcXtLApP0QzLmUT/HuPCZWyB7IY9ZrMeKw2O/nFIqPQB3PVM9aYm0F312AXDQ==",
      "funding": [
        {
          "type": "github",
          "url": "https://github.com/sponsors/jimmywarting"
        },
        {
          "type": "github",
          "url": "https://paypal.me/jimmywarting"
        }
      ],
      "engines": {
        "node": ">=10.5.0"
      }
    },
    "node_modules/node-fetch": {
      "version": "3.3.0",
      "resolved": "https://registry.npmjs.org/node-fetch/-/node-fetch-3.3.0.tgz",
      "integrity": "sha512-BKwRP/O0UvoMKp7GNdwPlObhYGB5DQqwhEDQlNKuoqwVYSxkSZCSbHjnFFmUEtwSKRPU4kNK8PbDYYitwaE3QA==",
      "dependencies": {
        "data-uri-to-buffer": "^4.0.0",
        "fetch-blob": "^3.1.4",
        "formdata-polyfill": "^4.0.10"
      },
      "engines": {
        "node": "^12.20.0 || ^14.13.1 || >=16.0.0"
      },
      "funding": {
        "type": "opencollective",
        "url": "https://opencollective.com/node-fetch"
      }
    },
    "node_modules/parse-multipart-data": {
      "version": "1.5.0",
      "resolved": "https://registry.npmjs.org/parse-multipart-data/-/parse-multipart-data-1.5.0.tgz",
      "integrity": "sha512-ck5zaMF0ydjGfejNMnlo5YU2oJ+pT+80Jb1y4ybanT27j+zbVP/jkYmCrUGsEln0Ox/hZmuvgy8Ra7AxbXP2Mw=="
    },
    "node_modules/web-streams-polyfill": {
      "version": "3.2.1",
      "resolved": "https://registry.npmjs.org/web-streams-polyfill/-/web-streams-polyfill-3.2.1.tgz",
      "integrity": "sha512-e0MO3wdXWKrLbL0DgGnUV7WHVuw9OUvL4hjgnPkIeEvESk74gAITi5G606JtZPp39cd8HA9VQzCIvA49LpPN5Q==",
      "engines": {
        "node": ">= 8"
      }
    }
  },
  "dependencies": {
    "@neumatter/is": {
      "version": "1.1.1",
      "resolved": "https://registry.npmjs.org/@neumatter/is/-/is-1.1.1.tgz",
      "integrity": "sha512-Y1Hfknnoiy1hsYc9WhNrFWz8Y/Eyp3X7kyNoVVa/Gk3GzQN19+RgZNxBXpMBqPbR5dJ4r43ZKasAYykprLFWvA=="
    },
    "@neumatter/record": {
      "version": "1.0.9",
      "resolved": "https://registry.npmjs.org/@neumatter/record/-/record-1.0.9.tgz",
      "integrity": "sha512-yZ/rgApgs6uPVoO0uFicDbsLySJlOfbrdgcd+vDsx4H0JZ7LscCEyzRzuwl3q5qqLpXOr2tKXgmlWNi2dTG0Cw==",
      "requires": {
        "@neumatter/is": "^1.0.2",
        "neupack": "^1.0.3"
      }
    },
    "@neumatter/to-camel-case": {
      "version": "1.0.1",
      "resolved": "https://registry.npmjs.org/@neumatter/to-camel-case/-/to-camel-case-1.0.1.tgz",
      "integrity": "sha512-pgnfPY0kVOjU5etxB8wk3bVmRt7LDq8GSh2uOTPux1msRI1qhkuCucZk+pHkhktYyVe5wcEOZs0RebVluhOOQw==",
      "requires": {
        "@neumatter/is": "^1.0.0"
      }
    },
    "@types/node": {
      "version": "17.0.23",
      "resolved": "https://registry.npmjs.org/@types/node/-/node-17.0.23.tgz",
      "integrity": "sha512-UxDxWn7dl97rKVeVS61vErvw086aCYhDLyvRQZ5Rk65rZKepaFdm53GeqXaKBuOhED4e9uWq34IC3TdSdJJ2Gw==",
      "dev": true
    },
    "byteview": {
      "version": "1.0.12",
      "resolved": "https://registry.npmjs.org/byteview/-/byteview-1.0.12.tgz",
      "integrity": "sha512-pOxOp/hcYrHA9oRAiwXc7MJNYGm6Rv+QuARKA3a0/YsQq1eFjYc3JuXs0pOF/93OOVDhwuMuDoiHvVS75nQagw=="
    },
    "chroma-palette": {
      "version": "1.2.2",
      "resolved": "https://registry.npmjs.org/chroma-palette/-/chroma-palette-1.2.2.tgz",
      "integrity": "sha512-Ca53tmyyMQtEy4Q7ottVqpxZakz+NCpDyLhd2CdSVG4aBVuqdoS28JymSev+UgtrZKxQt4SKPWiKBf4hU+pk5g=="
    },
    "code-batch": {
      "version": "1.0.0",
      "resolved": "https://registry.npmjs.org/code-batch/-/code-batch-1.0.0.tgz",
      "integrity": "sha512-3piYzssNYF5X6fZ8RmhrxkONO1OmhOCfVFZxg8UZDbOr1BY8GGLDQ21QtaeuTFqu6fN2TpGemXxNwE7WgApiHg==",
      "requires": {
        "@neumatter/is": "^1.0.2"
      }
    },
    "data-uri-to-buffer": {
      "version": "4.0.0",
      "resolved": "https://registry.npmjs.org/data-uri-to-buffer/-/data-uri-to-buffer-4.0.0.tgz",
      "integrity": "sha512-Vr3mLBA8qWmcuschSLAOogKgQ/Jwxulv3RNE4FXnYWRGujzrRWQI4m12fQqRkwX06C0KanhLr4hK+GydchZsaA=="
    },
    "fetch-blob": {
      "version": "3.1.5",
      "resolved": "https://registry.npmjs.org/fetch-blob/-/fetch-blob-3.1.5.tgz",
      "integrity": "sha512-N64ZpKqoLejlrwkIAnb9iLSA3Vx/kjgzpcDhygcqJ2KKjky8nCgUQ+dzXtbrLaWZGZNmNfQTsiQ0weZ1svglHg==",
      "requires": {
        "node-domexception": "^1.0.0",
        "web-streams-polyfill": "^3.0.3"
      }
    },
    "formdata-polyfill": {
      "version": "4.0.10",
      "resolved": "https://registry.npmjs.org/formdata-polyfill/-/formdata-polyfill-4.0.10.tgz",
      "integrity": "sha512-buewHzMvYL29jdeQTVILecSaZKnt/RJWjoZCF5OW60Z67/GmSLBkOFM7qh1PI3zFNtJbaZL5eQu1vLfazOwj4g==",
      "requires": {
        "fetch-blob": "^3.1.2"
      }
    },
    "neupack": {
      "version": "1.1.0",
      "resolved": "https://registry.npmjs.org/neupack/-/neupack-1.1.0.tgz",
      "integrity": "sha512-N2e6C0ImwKJ2h+DJFO8VSi0IhS1XRS1ge79Lx6G5u7ZUAVxTKUZsgxIcyfOCShzCAmNWw8FOIXTeASq3EIcAwA==",
      "requires": {
        "@neumatter/is": "^1.0.2",
        "@neumatter/to-camel-case": "^1.0.1"
      }
    },
    "node-domexception": {
      "version": "1.0.0",
      "resolved": "https://registry.npmjs.org/node-domexception/-/node-domexception-1.0.0.tgz",
      "integrity": "sha512-/jKZoMpw0F8GRwl4/eLROPA3cfcXtLApP0QzLmUT/HuPCZWyB7IY9ZrMeKw2O/nFIqPQB3PVM9aYm0F312AXDQ=="
    },
    "node-fetch": {
      "version": "3.3.0",
      "resolved": "https://registry.npmjs.org/node-fetch/-/node-fetch-3.3.0.tgz",
      "integrity": "sha512-BKwRP/O0UvoMKp7GNdwPlObhYGB5DQqwhEDQlNKuoqwVYSxkSZCSbHjnFFmUEtwSKRPU4kNK8PbDYYitwaE3QA==",
      "requires": {
        "data-uri-to-buffer": "^4.0.0",
        "fetch-blob": "^3.1.4",
        "formdata-polyfill": "^4.0.10"
      }
    },
    "parse-multipart-data": {
      "version": "1.5.0",
      "resolved": "https://registry.npmjs.org/parse-multipart-data/-/parse-multipart-data-1.5.0.tgz",
      "integrity": "sha512-ck5zaMF0ydjGfejNMnlo5YU2oJ+pT+80Jb1y4ybanT27j+zbVP/jkYmCrUGsEln0Ox/hZmuvgy8Ra7AxbXP2Mw=="
    },
    "web-streams-polyfill": {
      "version": "3.2.1",
      "resolved": "https://registry.npmjs.org/web-streams-polyfill/-/web-streams-polyfill-3.2.1.tgz",
      "integrity": "sha512-e0MO3wdXWKrLbL0DgGnUV7WHVuw9OUvL4hjgnPkIeEvESk74gAITi5G606JtZPp39cd8HA9VQzCIvA49LpPN5Q=="
    }
  }
}
